
Microsoft Visual Studio Solution File, Format Version 12.00
# Visual Studio Version 16
VisualStudioVersion = 16.0.30503.244
MinimumVisualStudioVersion = 10.0.40219.1
Project("{9A19103F-16F7-4668-BE54-9A1E7A4F7556}") = "MultiproviderTest", "MultiproviderTest.csproj", "{F5CBACEF-2480-4070-87EB-413D96E05ABF}"
EndProject
Global
	GlobalSection(SolutionConfigurationPlatforms) = preSolution
		Debug|Any CPU = Debug|Any CPU
		Release|Any CPU = Release|Any CPU
	EndGlobalSection
	GlobalSection(ProjectConfigurationPlatforms) = postSolution
		{F5CBACEF-2480-4070-87EB-413D96E05ABF}.Debug|Any CPU.ActiveCfg = Debug|Any CPU
		{F5CBACEF-2480-4070-87EB-413D96E05ABF}.Debug|Any CPU.Build.0 = Debug|Any CPU
		{F5CBACEF-2480-4070-87EB-413D96E05ABF}.Release|Any CPU.ActiveCfg = Release|Any CPU
		{F5CBACEF-2480-4070-87EB-413D96E05ABF}.Release|Any CPU.Build.0 = Release|Any CPU
	EndGlobalSection
	GlobalSection(SolutionProperties) = preSolution
		HideSolutionNode = FALSE
	EndGlobalSection
	GlobalSection(ExtensibilityGlobals) = postSolution
		SolutionGuid = {936F493B-AC23-4688-AC7B-E240177C9028}
	EndGlobalSection
EndGlobal
